# This file is automatically @generated by Cargo.
# It is not intended for manual editing.
version = 3

[[package]]
name = "launchpad-pro-rs"
version = "0.1.0"
dependencies = [
 "spin",
 "wmidi",
]

[[package]]
name = "spin"
version = "0.5.2"
source = "registry+https://github.com/rust-lang/crates.io-index"
checksum = "6e63cff320ae2c57904679ba7cb63280a3dc4613885beafb148ee7bf9aa9042d"

[[package]]
name = "wmidi"
version = "4.0.6"
source = "registry+https://github.com/rust-lang/crates.io-index"
checksum = "8b7ff057a07cdcca1dce95859fb6e205dc99a9bc526d72f3d724468a12aa74a5"
